
Microsoft Visual Studio Solution File, Format Version 12.00
# Visual Studio Version 17
VisualStudioVersion = 17.9.34607.119
MinimumVisualStudioVersion = 10.0.40219.1
Project("{FAE04EC0-301F-11D3-BF4B-00C04F79EFBC}") = "Prójeto 1", "Prójeto 1\Prójeto 1.csproj", "{629DB1AE-52DA-4A58-8069-836C4B7C6590}"
EndProject
Global
	GlobalSection(SolutionConfigurationPlatforms) = preSolution
		Debug|Any CPU = Debug|Any CPU
		Release|Any CPU = Release|Any CPU
	EndGlobalSection
	GlobalSection(ProjectConfigurationPlatforms) = postSolution
		{629DB1AE-52DA-4A58-8069-836C4B7C6590}.Debug|Any CPU.ActiveCfg = Debug|Any CPU
		{629DB1AE-52DA-4A58-8069-836C4B7C6590}.Debug|Any CPU.Build.0 = Debug|Any CPU
		{629DB1AE-52DA-4A58-8069-836C4B7C6590}.Release|Any CPU.ActiveCfg = Release|Any CPU
		{629DB1AE-52DA-4A58-8069-836C4B7C6590}.Release|Any CPU.Build.0 = Release|Any CPU
	EndGlobalSection
	GlobalSection(SolutionProperties) = preSolution
		HideSolutionNode = FALSE
	EndGlobalSection
	GlobalSection(ExtensibilityGlobals) = postSolution
		SolutionGuid = {3AC0DAD0-6CEF-4FB4-AE8E-0297CC908086}
	EndGlobalSection
EndGlobal
